{
  "name": "react-mobx-bootstrap",
  "version": "0.1.0",
  "lockfileVersion": 1,
  "requires": true,
  "dependencies": {
    "@babel/runtime": {
      "version": "7.12.5",
      "resolved": "https://registry.npmjs.org/@babel/runtime/-/runtime-7.12.5.tgz",
      "integrity": "sha512-plcc+hbExy3McchJCEQG3knOsuh3HH+Prx1P6cLIkET/0dLuQDEnrT+s27Axgc9bqfsmNUNHfscgMUdBpC9xfg==",
      "requires": {
        "regenerator-runtime": "^0.13.4"
      },
      "dependencies": {
        "regenerator-runtime": {
          "version": "0.13.7",
          "resolved": "https://registry.npmjs.org/regenerator-runtime/-/regenerator-runtime-0.13.7.tgz",
          "integrity": "sha512-a54FxoJDIr27pgf7IgeQGxmqUNYrcV338lf/6gH456HZ/PhX+5BcwHXG9ajESmwe6WRO0tAzRUrRmNONWgkrew=="
        }
      }
    },
    "antd": {
      "version": "2.12.6",
      "resolved": "http://registry.npm.taobao.org/antd/download/antd-2.12.6.tgz",
      "integrity": "sha1-PdIajEbvEa2lVax9yd7Z/5Y4eDA="
    },
    "autoprefixer": {
      "version": "7.1.1",
      "resolved": "http://registry.npm.taobao.org/autoprefixer/download/autoprefixer-7.1.1.tgz",
      "integrity": "sha1-l7yFTH0Ll5+NZIneVHoNF/swf20="
    },
    "axios": {
      "version": "0.21.1",
      "resolved": "https://registry.npmjs.org/axios/-/axios-0.21.1.tgz",
      "integrity": "sha512-dKQiRHxGD9PPRIUNIWvZhPTPpl1rf/OxTYKsqKUDjBwYylTvV7SjSHJb9ratfyzM6wCdLCOYLzs73qpg5c4iGA==",
      "requires": {
        "follow-redirects": "^1.10.0"
      },
      "dependencies": {
        "follow-redirects": {
          "version": "1.13.1",
          "resolved": "https://registry.npmjs.org/follow-redirects/-/follow-redirects-1.13.1.tgz",
          "integrity": "sha512-SSG5xmZh1mkPGyKzjZP8zLjltIfpW32Y5QpdNJyjcfGxK3qo3NDDkZOZSFiGn1A6SclQxY9GzEwAHQ3dmYRWpg=="
        }
      }
    },
    "babel-core": {
      "version": "6.25.0",
      "resolved": "http://registry.npm.taobao.org/babel-core/download/babel-core-6.25.0.tgz",
      "integrity": "sha1-fdQrBGPHQunVKW3rPsZ6kyLa1yk="
    },
    "babel-eslint": {
      "version": "7.2.3",
      "resolved": "http://registry.npm.taobao.org/babel-eslint/download/babel-eslint-7.2.3.tgz",
      "integrity": "sha1-sv4tgBJkcPXBlELcdXJTqJdxCCc="
    },
    "babel-jest": {
      "version": "20.0.3",
      "resolved": "http://registry.npm.taobao.org/babel-jest/download/babel-jest-20.0.3.tgz",
      "integrity": "sha1-5KA7E9wQOJ4UD8ZF0J/8TO0wFnE="
    },
    "babel-loader": {
      "version": "7.0.0",
      "resolved": "http://registry.npm.taobao.org/babel-loader/download/babel-loader-7.0.0.tgz",
      "integrity": "sha1-LkOma+4f/0RwUz0EAsikUy+vuvc="
    },
    "babel-plugin-import": {
      "version": "1.4.0",
      "resolved": "http://registry.npm.taobao.org/babel-plugin-import/download/babel-plugin-import-1.4.0.tgz",
      "integrity": "sha1-qZmdmnn8UqA8F8z7vrgEA4WQUD8="
    },
    "babel-plugin-root-import": {
      "version": "5.1.0",
      "resolved": "http://registry.npm.taobao.org/babel-plugin-root-import/download/babel-plugin-root-import-5.1.0.tgz",
      "integrity": "sha1-gOoc1ZRbRjpeP34gSmlHjFc+Mow="
    },
    "babel-plugin-transform-decorators-legacy": {
      "version": "1.3.4",
      "resolved": "http://registry.npm.taobao.org/babel-plugin-transform-decorators-legacy/download/babel-plugin-transform-decorators-legacy-1.3.4.tgz",
      "integrity": "sha1-dBtY9sW86eYCfgiC2cmU8E82aSU="
    },
    "babel-plugin-transform-regenerator": {
      "version": "6.26.0",
      "resolved": "http://registry.npm.taobao.org/babel-plugin-transform-regenerator/download/babel-plugin-transform-regenerator-6.26.0.tgz",
      "integrity": "sha1-4HA2lvveJ/Cj78rPi03KL3s6jy8="
    },
    "babel-polyfill": {
      "version": "6.26.0",
      "resolved": "http://registry.npm.taobao.org/babel-polyfill/download/babel-polyfill-6.26.0.tgz",
      "integrity": "sha1-N5k3q8Z9eJWXCtxiHyhM2WbPIVM=",
      "dependencies": {
        "babel-runtime": {
          "version": "6.26.0",
          "resolved": "http://registry.npm.taobao.org/babel-runtime/download/babel-runtime-6.26.0.tgz",
          "integrity": "sha1-llxwWGaOgrVde/4E/yM3vItWR/4=",
          "dependencies": {
            "regenerator-runtime": {
              "version": "0.11.0",
              "resolved": "http://registry.npm.taobao.org/regenerator-runtime/download/regenerator-runtime-0.11.0.tgz",
              "integrity": "sha1-flT+W1zNXWYk6mJVw0c74JC4AuE="
            }
          }
        }
      }
    },
    "babel-preset-es2015": {
      "version": "6.24.1",
      "resolved": "http://registry.npm.taobao.org/babel-preset-es2015/download/babel-preset-es2015-6.24.1.tgz",
      "integrity": "sha1-1EBQ1rwsn+6nAqrzjXJ6AhBTiTk="
    },
    "babel-preset-react": {
      "version": "6.24.1",
      "resolved": "http://registry.npm.taobao.org/babel-preset-react/download/babel-preset-react-6.24.1.tgz",
      "integrity": "sha1-umnfrqRfw+xjm2pOzqbhdwLJE4A="
    },
    "babel-preset-react-app": {
      "version": "3.0.2",
      "resolved": "http://registry.npm.taobao.org/babel-preset-react-app/download/babel-preset-react-app-3.0.2.tgz",
      "integrity": "sha1-0GL8pdzmjtnCYV8v7LwIhhcg+OU=",
      "dependencies": {
        "babel-plugin-transform-regenerator": {
          "version": "6.24.1",
          "resolved": "http://registry.npm.taobao.org/babel-plugin-transform-regenerator/download/babel-plugin-transform-regenerator-6.24.1.tgz",
          "integrity": "sha1-uNowWtQ8PJm0hI5P5AN7dw0jxBg="
        },
        "regenerator-transform": {
          "version": "0.9.11",
          "resolved": "http://registry.npm.taobao.org/regenerator-transform/download/regenerator-transform-0.9.11.tgz",
          "integrity": "sha1-On0GdSDLe3F2dp61/4aGkb7+EoM="
        }
      }
    },
    "babel-preset-stage-1": {
      "version": "6.24.1",
      "resolved": "http://registry.npm.taobao.org/babel-preset-stage-1/download/babel-preset-stage-1-6.24.1.tgz",
      "integrity": "sha1-dpLNfc1oSZB+auSgqFWJz7niv7A="
    },
    "babel-runtime": {
      "version": "6.23.0",
      "resolved": "http://registry.npm.taobao.org/babel-runtime/download/babel-runtime-6.23.0.tgz",
      "integrity": "sha1-CpSJ8UTecO+zzkMArM2zKeL8VDs="
    },
    "case-sensitive-paths-webpack-plugin": {
      "version": "2.1.1",
      "resolved": "http://registry.npm.taobao.org/case-sensitive-paths-webpack-plugin/download/case-sensitive-paths-webpack-plugin-2.1.1.tgz",
      "integrity": "sha1-PSnO2MHxJL9vU4Rvs/WJRzH9yQk="
    },
    "chalk": {
      "version": "1.1.3",
      "resolved": "http://registry.npm.taobao.org/chalk/download/chalk-1.1.3.tgz",
      "integrity": "sha1-qBFcVeSnAv5NFQq9OHKCKn4J/Jg=",
      "dependencies": {
        "ansi-styles": {
          "version": "2.2.1",
          "resolved": "http://registry.npm.taobao.org/ansi-styles/download/ansi-styles-2.2.1.tgz",
          "integrity": "sha1-tDLdM1i2NM914eRmQ2gkBTPB3b4="
        },
        "supports-color": {
          "version": "2.0.0",
          "resolved": "http://registry.npm.taobao.org/supports-color/download/supports-color-2.0.0.tgz",
          "integrity": "sha1-U10EXOa2Nj+kARcIRimZXp3zJMc="
        }
      }
    },
    "commonmark": {
      "version": "0.24.0",
      "resolved": "https://registry.npmjs.org/commonmark/-/commonmark-0.24.0.tgz",
      "integrity": "sha1-uA3gGCxUY1VkOqFdsSv7KCNoJ48=",
      "requires": {
        "entities": "~ 1.1.1",
        "mdurl": "~ 1.0.1",
        "string.prototype.repeat": "^0.2.0"
      }
    },
    "commonmark-react-renderer": {
      "version": "4.3.5",
      "resolved": "https://registry.npmjs.org/commonmark-react-renderer/-/commonmark-react-renderer-4.3.5.tgz",
      "integrity": "sha512-UwUgplz8kFSMCe9+Dg/BcV75lc7R/V6mvMYJq2p29i5aaIBd0252k9HeSGa2VtEPHfg2/trS9qC7iAxnO7r6ng==",
      "requires": {
        "lodash.assign": "^4.2.0",
        "lodash.isplainobject": "^4.0.6",
        "pascalcase": "^0.1.1",
        "xss-filters": "^1.2.6"
      }
    },
    "css-loader": {
      "version": "0.28.4",
      "resolved": "http://registry.npm.taobao.org/css-loader/download/css-loader-0.28.4.tgz",
      "integrity": "sha1-bPNXkZLONV6LONX0Ldeh8uyJjQ8=",
      "dependencies": {
        "has-flag": {
          "version": "1.0.0",
          "resolved": "http://registry.npm.taobao.org/has-flag/download/has-flag-1.0.0.tgz",
          "integrity": "sha1-nZ55MWXOAXoA8AQYxD+UKnsdEfo="
        },
        "postcss": {
          "version": "5.2.17",
          "resolved": "http://registry.npm.taobao.org/postcss/download/postcss-5.2.17.tgz",
          "integrity": "sha1-z09Ze4ZNZcikkrLqvp1wbIecOIs="
        },
        "supports-color": {
          "version": "3.2.3",
          "resolved": "http://registry.npm.taobao.org/supports-color/download/supports-color-3.2.3.tgz",
          "integrity": "sha1-ZawFBLOVQXHYpklGsq48u4pfVPY="
        }
      }
    },
    "dom-helpers": {
      "version": "3.4.0",
      "resolved": "https://registry.npmjs.org/dom-helpers/-/dom-helpers-3.4.0.tgz",
      "integrity": "sha512-LnuPJ+dwqKDIyotW1VzmOZ5TONUN7CwkCR5hrgawTUbkBGYdeoNLZo6nNfGkCrjtE1nXXaj7iMMpDa8/d9WoIA==",
      "requires": {
        "@babel/runtime": "^7.1.2"
      }
    },
    "dotenv": {
      "version": "4.0.0",
      "resolved": "http://registry.npm.taobao.org/dotenv/download/dotenv-4.0.0.tgz",
      "integrity": "sha1-hk7xN5rO1Vzm+V3r7NzhefegzR0="
    },
    "element-resize-event": {
      "version": "2.0.9",
      "resolved": "https://registry.npmjs.org/element-resize-event/-/element-resize-event-2.0.9.tgz",
      "integrity": "sha1-L14VgaKW61J1IQwUG8VjQuIY+HY="
    },
    "entities": {
      "version": "1.1.1",
      "resolved": "http://registry.npm.taobao.org/entities/download/entities-1.1.1.tgz",
      "integrity": "sha1-blwtClYhtdra7O+AuQ7ftc13cvA="
    },
    "eslint": {
      "version": "3.19.0",
      "resolved": "http://registry.npm.taobao.org/eslint/download/eslint-3.19.0.tgz",
      "integrity": "sha1-yPxiAcf0DdCJQbh8CFdnOGpnmsw=",
      "dependencies": {
        "strip-bom": {
          "version": "3.0.0",
          "resolved": "http://registry.npm.taobao.org/strip-bom/download/strip-bom-3.0.0.tgz",
          "integrity": "sha1-IzTBjpx1n3vdVv3vfprj1YjmjtM="
        }
      }
    },
    "eslint-config-react-app": {
      "version": "1.0.5",
      "resolved": "http://registry.npm.taobao.org/eslint-config-react-app/download/eslint-config-react-app-1.0.5.tgz",
      "integrity": "sha1-mDN1l7wBzCKZH8vdoHRR87RRFxg="
    },
    "eslint-loader": {
      "version": "1.7.1",
      "resolved": "http://registry.npm.taobao.org/eslint-loader/download/eslint-loader-1.7.1.tgz",
      "integrity": "sha1-ULFY3WJy3O+5fphCVIN/gaWALOA="
    },
    "eslint-plugin-flowtype": {
      "version": "2.34.0",
      "resolved": "http://registry.npm.taobao.org/eslint-plugin-flowtype/download/eslint-plugin-flowtype-2.34.0.tgz",
      "integrity": "sha1-uYdfMUZS5QgWI8nSsYo0a7t1nAk="
    },
    "eslint-plugin-import": {
      "version": "2.2.0",
      "resolved": "http://registry.npm.taobao.org/eslint-plugin-import/download/eslint-plugin-import-2.2.0.tgz",
      "integrity": "sha1-crowb60wXWfEgWNIpGmaQimsi04=",
      "dependencies": {
        "doctrine": {
          "version": "1.5.0",
          "resolved": "http://registry.npm.taobao.org/doctrine/download/doctrine-1.5.0.tgz",
          "integrity": "sha1-N53Ocw9hZvds76TmcHoVmwLFpvo="
        }
      }
    },
    "eslint-plugin-jsx-a11y": {
      "version": "5.0.3",
      "resolved": "http://registry.npm.taobao.org/eslint-plugin-jsx-a11y/download/eslint-plugin-jsx-a11y-5.0.3.tgz",
      "integrity": "sha1-SpOfduwSUBBSiCMzG/lIzFczgLY="
    },
    "eslint-plugin-react": {
      "version": "7.1.0",
      "resolved": "http://registry.npm.taobao.org/eslint-plugin-react/download/eslint-plugin-react-7.1.0.tgz",
      "integrity": "sha1-J3cKzzn1/UnNCvQIPOWBBOs5DUw="
    },
    "extract-text-webpack-plugin": {
      "version": "2.1.2",
      "resolved": "http://registry.npm.taobao.org/extract-text-webpack-plugin/download/extract-text-webpack-plugin-2.1.2.tgz",
      "integrity": "sha1-dW7076gVXDaBgz+8NNpTuUF0bWw="
    },
    "file-loader": {
      "version": "0.11.2",
      "resolved": "http://registry.npm.taobao.org/file-loader/download/file-loader-0.11.2.tgz",
      "integrity": "sha1-T/HfKK84cZpgmAk7iMgscdF5SjQ="
    },
    "fs-extra": {
      "version": "3.0.1",
      "resolved": "http://registry.npm.taobao.org/fs-extra/download/fs-extra-3.0.1.tgz",
      "integrity": "sha1-N5TzeMWLNC6n27sjCVEJxLO2IpE="
    },
    "github-markdown-css": {
      "version": "2.10.0",
      "resolved": "https://registry.npmjs.org/github-markdown-css/-/github-markdown-css-2.10.0.tgz",
      "integrity": "sha512-RX5VUC54uX6Lvrm226M9kMzsNeOa81MnKyxb3J0G5KLjyoOySOZgwyKFkUpv6iUhooiUZdogk+OTwQPJ4WttYg=="
    },
    "html-webpack-plugin": {
      "version": "2.29.0",
      "resolved": "http://registry.npm.taobao.org/html-webpack-plugin/download/html-webpack-plugin-2.29.0.tgz",
      "integrity": "sha1-6Yf0IYU9O2k4yMTIFxhC5f0XryM=",
      "dependencies": {
        "loader-utils": {
          "version": "0.2.17",
          "resolved": "http://registry.npm.taobao.org/loader-utils/download/loader-utils-0.2.17.tgz",
          "integrity": "sha1-+G5jdNQyBabmxg6RlvF8Apm/s0g="
        }
      }
    },
    "jest": {
      "version": "20.0.4",
      "resolved": "http://registry.npm.taobao.org/jest/download/jest-20.0.4.tgz",
      "integrity": "sha1-PdJgwpidba1nix6cxNkZRPbWAqw=",
      "dependencies": {
        "callsites": {
          "version": "2.0.0",
          "resolved": "http://registry.npm.taobao.org/callsites/download/callsites-2.0.0.tgz",
          "integrity": "sha1-BuuE8A7qQT2oav/vrL/7Ngk7PFA="
        },
        "jest-cli": {
          "version": "20.0.4",
          "resolved": "http://registry.npm.taobao.org/jest-cli/download/jest-cli-20.0.4.tgz",
          "integrity": "sha1-5TKxnYiuW8bEF+iwWTpv6VSx3JM="
        }
      }
    },
    "js-base64": {
      "version": "2.1.9",
      "resolved": "http://registry.npm.taobao.org/js-base64/download/js-base64-2.1.9.tgz",
      "integrity": "sha1-8OgK4DmkvWVLXygfyT8EqRSn/M4="
    },
    "js-tokens": {
      "version": "3.0.2",
      "resolved": "http://registry.npm.taobao.org/js-tokens/download/js-tokens-3.0.2.tgz",
      "integrity": "sha1-mGbfOVECEw449/mWvOtlRDIJwls="
    },
    "lodash.assign": {
      "version": "4.2.0",
      "resolved": "https://registry.npmjs.org/lodash.assign/-/lodash.assign-4.2.0.tgz",
      "integrity": "sha1-DZnzzNem0mHRm9rrkkUAXShYCOc="
    },
    "lodash.isplainobject": {
      "version": "4.0.6",
      "resolved": "https://registry.npmjs.org/lodash.isplainobject/-/lodash.isplainobject-4.0.6.tgz",
      "integrity": "sha1-fFJqUtibRcRcxpC4gWO+BJf1UMs="
    },
    "mdurl": {
      "version": "1.0.1",
      "resolved": "https://registry.npmjs.org/mdurl/-/mdurl-1.0.1.tgz",
      "integrity": "sha1-/oWy7HWlkDfyrf7BAP1sYBdhFS4="
    },
    "mobx": {
      "version": "3.2.2",
      "resolved": "http://registry.npm.taobao.org/mobx/download/mobx-3.2.2.tgz",
      "integrity": "sha1-qmcUWb7e39mIDJSIiaP2K84JJ5w="
    },
    "mobx-persist": {
      "version": "0.3.4",
      "resolved": "http://registry.npm.taobao.org/mobx-persist/download/mobx-persist-0.3.4.tgz",
      "integrity": "sha1-S5dAycm5FAHuq0AYU6Hp9VSzz24="
    },
    "mobx-react": {
      "version": "4.2.2",
      "resolved": "http://registry.npm.taobao.org/mobx-react/download/mobx-react-4.2.2.tgz",
      "integrity": "sha1-25zDyv772DDQWEwRSa9armeCkgE="
    },
    "mobx-react-devtools": {
      "version": "4.2.15",
      "resolved": "http://registry.npm.taobao.org/mobx-react-devtools/download/mobx-react-devtools-4.2.15.tgz",
      "integrity": "sha1-iBwDj7g9tN/9HnK7r1N00msv3rs="
    },
    "object-assign": {
      "version": "4.1.1",
      "resolved": "http://registry.npm.taobao.org/object-assign/download/object-assign-4.1.1.tgz",
      "integrity": "sha1-IQmtx5ZYh8/AXLvUQsrIv7s2CGM="
    },
    "pascalcase": {
      "version": "0.1.1",
      "resolved": "https://registry.npmjs.org/pascalcase/-/pascalcase-0.1.1.tgz",
      "integrity": "sha1-s2PlXoAGym/iF4TS2yK9FdeRfxQ="
    },
    "postcss-flexbugs-fixes": {
      "version": "3.0.0",
      "resolved": "http://registry.npm.taobao.org/postcss-flexbugs-fixes/download/postcss-flexbugs-fixes-3.0.0.tgz",
      "integrity": "sha1-ezHLbCfQQXo1pnkUwpX4PEA8ftQ="
    },
    "postcss-loader": {
      "version": "2.0.6",
      "resolved": "http://registry.npm.taobao.org/postcss-loader/download/postcss-loader-2.0.6.tgz",
      "integrity": "sha1-jH4AVaPfGImrxrrVLdRbL0G7xvw="
    },
    "prettier": {
      "version": "1.5.3",
      "resolved": "http://registry.npm.taobao.org/prettier/download/prettier-1.5.3.tgz",
      "integrity": "sha1-WdrcaDNF7GuI+IuU7Urn4do5S/4="
    },
    "promise": {
      "version": "7.1.1",
      "resolved": "http://registry.npm.taobao.org/promise/download/promise-7.1.1.tgz",
      "integrity": "sha1-SJZUxpJha4qlWwck+oCbt9tJxb8="
    },
    "prop-types": {
      "version": "15.5.10",
      "resolved": "http://registry.npm.taobao.org/prop-types/download/prop-types-15.5.10.tgz",
      "integrity": "sha1-J5ffwxJhguOpXj37suiT3ddFYVQ="
    },
    "react": {
      "version": "15.6.1",
      "resolved": "http://registry.npm.taobao.org/react/download/react-15.6.1.tgz",
      "integrity": "sha1-uqhDTsZ4C96ZfNw4C3nNM7ljk98="
    },
    "react-dev-utils": {
      "version": "3.1.1",
      "resolved": "http://registry.npm.taobao.org/react-dev-utils/download/react-dev-utils-3.1.1.tgz",
      "integrity": "sha1-Ca5yCagThCSNtWVH5xjmW9OyDrU=",
      "dependencies": {
        "ansi-escapes": {
          "version": "2.0.0",
          "resolved": "http://registry.npm.taobao.org/ansi-escapes/download/ansi-escapes-2.0.0.tgz",
          "integrity": "sha1-W65SvkJIeN2Xg+iRDj/Cki6DyBs="
        },
        "ansi-regex": {
          "version": "3.0.0",
          "resolved": "http://registry.npm.taobao.org/ansi-regex/download/ansi-regex-3.0.0.tgz",
          "integrity": "sha1-7QMXwyIGT3lGbAKWa922Bas32Zg="
        },
        "babel-code-frame": {
          "version": "6.22.0",
          "resolved": "http://registry.npm.taobao.org/babel-code-frame/download/babel-code-frame-6.22.0.tgz",
          "integrity": "sha1-AnYgvuVnqIwyVhV05/0IAdMxGOQ="
        },
        "cli-cursor": {
          "version": "2.1.0",
          "resolved": "http://registry.npm.taobao.org/cli-cursor/download/cli-cursor-2.1.0.tgz",
          "integrity": "sha1-s12sN2R5+sw+lHR9QdDQ9SOP/LU="
        },
        "figures": {
          "version": "2.0.0",
          "resolved": "http://registry.npm.taobao.org/figures/download/figures-2.0.0.tgz",
          "integrity": "sha1-OrGi0qYsi/tDGgyUy3l6L84nyWI="
        },
        "inquirer": {
          "version": "3.2.1",
          "resolved": "http://registry.npm.taobao.org/inquirer/download/inquirer-3.2.1.tgz",
          "integrity": "sha1-Bs6w9UD0XKVIwX1oQJWYeCZfoXU=",
          "dependencies": {
            "chalk": {
              "version": "2.1.0",
              "resolved": "http://registry.npm.taobao.org/chalk/download/chalk-2.1.0.tgz",
              "integrity": "sha1-rFvs8U+iG5nGySynp9fP1bF+dD4="
            },
            "strip-ansi": {
              "version": "4.0.0",
              "resolved": "http://registry.npm.taobao.org/strip-ansi/download/strip-ansi-4.0.0.tgz",
              "integrity": "sha1-qEeQIusaw2iocTibY1JixQXuNo8="
            }
          }
        },
        "is-fullwidth-code-point": {
          "version": "2.0.0",
          "resolved": "http://registry.npm.taobao.org/is-fullwidth-code-point/download/is-fullwidth-code-point-2.0.0.tgz",
          "integrity": "sha1-o7MKXE8ZkYMWeqq5O+764937ZU8="
        },
        "mute-stream": {
          "version": "0.0.7",
          "resolved": "http://registry.npm.taobao.org/mute-stream/download/mute-stream-0.0.7.tgz",
          "integrity": "sha1-MHXOk7whuPq0PhvE2n6BFe0ee6s="
        },
        "onetime": {
          "version": "2.0.1",
          "resolved": "http://registry.npm.taobao.org/onetime/download/onetime-2.0.1.tgz",
          "integrity": "sha1-BnQoIw/WdEOyeUsiu6UotoZ5YtQ="
        },
        "restore-cursor": {
          "version": "2.0.0",
          "resolved": "http://registry.npm.taobao.org/restore-cursor/download/restore-cursor-2.0.0.tgz",
          "integrity": "sha1-n37ih/gv0ybU/RYpI9YhKe7g368="
        },
        "run-async": {
          "version": "2.3.0",
          "resolved": "http://registry.npm.taobao.org/run-async/download/run-async-2.3.0.tgz",
          "integrity": "sha1-A3GrSuC91yDUFm19/aZP96RFpsA="
        },
        "rx-lite": {
          "version": "4.0.8",
          "resolved": "http://registry.npm.taobao.org/rx-lite/download/rx-lite-4.0.8.tgz",
          "integrity": "sha1-Cx4Rr4vESDbwSmQH6S2kJGe3lEQ="
        },
        "string-width": {
          "version": "2.1.1",
          "resolved": "http://registry.npm.taobao.org/string-width/download/string-width-2.1.1.tgz",
          "integrity": "sha1-q5Pyeo3BPSjKyBXEYhQ6bZASrp4=",
          "dependencies": {
            "strip-ansi": {
              "version": "4.0.0",
              "resolved": "http://registry.npm.taobao.org/strip-ansi/download/strip-ansi-4.0.0.tgz",
              "integrity": "sha1-qEeQIusaw2iocTibY1JixQXuNo8="
            }
          }
        }
      }
    },
    "react-dimensions": {
      "version": "1.3.1",
      "resolved": "https://registry.npmjs.org/react-dimensions/-/react-dimensions-1.3.1.tgz",
      "integrity": "sha512-go5vMuGUxaB5PiTSIk+ZfAxLbHwcIgIfLhkBZ2SIMQjaCgnpttxa30z5ijEzfDjeOCTGRpxvkzcmE4Vt4Ppvyw==",
      "requires": {
        "element-resize-event": "^2.0.4"
      }
    },
    "react-dom": {
      "version": "15.6.1",
      "resolved": "http://registry.npm.taobao.org/react-dom/download/react-dom-15.6.1.tgz",
      "integrity": "sha1-LLDtQZEDjlPCCes6eaI+Kkz5lHA="
    },
    "react-error-overlay": {
      "version": "1.0.10",
      "resolved": "http://registry.npm.taobao.org/react-error-overlay/download/react-error-overlay-1.0.10.tgz",
      "integrity": "sha1-2ozR6vrEGv3KKjN5KyNpTvbFKPE=",
      "dependencies": {
        "babel-code-frame": {
          "version": "6.22.0",
          "resolved": "http://registry.npm.taobao.org/babel-code-frame/download/babel-code-frame-6.22.0.tgz",
          "integrity": "sha1-AnYgvuVnqIwyVhV05/0IAdMxGOQ="
        }
      }
    },
    "react-helmet": {
      "version": "5.1.3",
      "resolved": "http://registry.npm.taobao.org/react-helmet/download/react-helmet-5.1.3.tgz",
      "integrity": "sha1-zUBiZZOinuz2hLbTjXEfRMSBiK8="
    },
    "react-is": {
      "version": "16.13.1",
      "resolved": "https://registry.npmjs.org/react-is/-/react-is-16.13.1.tgz",
      "integrity": "sha512-24e6ynE2H+OKt4kqsOvNd8kBpV65zoxbA4BVsEOB3ARVWQki/DHzaUoC5KuON/BiccDaCCTZBuOcfZs70kR8bQ=="
    },
    "react-lifecycles-compat": {
      "version": "3.0.4",
      "resolved": "https://registry.npmjs.org/react-lifecycles-compat/-/react-lifecycles-compat-3.0.4.tgz",
      "integrity": "sha512-fBASbA6LnOU9dOU2eW7aQ8xmYBSXUIWr+UmF9b1efZBazGNO+rcXT/icdKnYm2pTwcRylVUYwW7H1PHfLekVzA=="
    },
    "react-markdown": {
      "version": "2.5.1",
      "resolved": "https://registry.npmjs.org/react-markdown/-/react-markdown-2.5.1.tgz",
      "integrity": "sha512-N5xMde42RrclLIdF16bckTApFM56vkn4q3GoZlLkuE8IK23GOIqJsuE62RTrkgq//pAt4dovVgZcgawh7YtN4w==",
      "requires": {
        "commonmark": "^0.24.0",
        "commonmark-react-renderer": "^4.3.4",
        "prop-types": "^15.5.1"
      }
    },
    "react-router-dom": {
      "version": "4.1.2",
      "resolved": "http://registry.npm.taobao.org/react-router-dom/download/react-router-dom-4.1.2.tgz",
      "integrity": "sha1-f4p8qGjTKsrdGcoJVDtA0m347Dc="
    },
    "react-transition-group": {
      "version": "2.9.0",
      "resolved": "https://registry.npmjs.org/react-transition-group/-/react-transition-group-2.9.0.tgz",
      "integrity": "sha512-+HzNTCHpeQyl4MJ/bdE0u6XRMe9+XG/+aL4mCxVN4DnPBQ0/5bfHWPDuOZUzYdMj94daZaZdCCc1Dzt9R/xSSg==",
      "requires": {
        "dom-helpers": "^3.4.0",
        "loose-envify": "^1.4.0",
        "prop-types": "^15.6.2",
        "react-lifecycles-compat": "^3.0.4"
      },
      "dependencies": {
        "loose-envify": {
          "version": "1.4.0",
          "resolved": "https://registry.npmjs.org/loose-envify/-/loose-envify-1.4.0.tgz",
          "integrity": "sha512-lyuxPGr/Wfhrlem2CL/UcnUc1zcqKAImBDzukY7Y5F/yQiNdko6+fRLevlw1HgMySw7f611UIY408EtxRSoK3Q==",
          "requires": {
            "js-tokens": "^3.0.0 || ^4.0.0"
          }
        },
        "prop-types": {
          "version": "15.7.2",
          "resolved": "https://registry.npmjs.org/prop-types/-/prop-types-15.7.2.tgz",
          "integrity": "sha512-8QQikdH7//R2vurIJSutZ1smHYTcLpRWEOlHnzcWHmBYrOGUysKwSsrC89BCiFj3CbrfJ/nXFdJepOVrY1GCHQ==",
          "requires": {
            "loose-envify": "^1.4.0",
            "object-assign": "^4.1.1",
            "react-is": "^16.8.1"
          }
        }
      }
    },
    "string.prototype.repeat": {
      "version": "0.2.0",
      "resolved": "https://registry.npmjs.org/string.prototype.repeat/-/string.prototype.repeat-0.2.0.tgz",
      "integrity": "sha1-q6Nt4I3O5qWjN9SbLqHaGyj8Ds8="
    },
    "style-loader": {
      "version": "0.18.2",
      "resolved": "http://registry.npm.taobao.org/style-loader/download/style-loader-0.18.2.tgz",
      "integrity": "sha1-zDFFmvvNbYC3Ig7lSykan9Zv9es="
    },
    "sw-precache-webpack-plugin": {
      "version": "0.11.3",
      "resolved": "http://registry.npm.taobao.org/sw-precache-webpack-plugin/download/sw-precache-webpack-plugin-0.11.3.tgz",
      "integrity": "sha1-S1MI6vZPivyLDpUopvUKj5zZ7aw="
    },
    "url-loader": {
      "version": "0.5.9",
      "resolved": "http://registry.npm.taobao.org/url-loader/download/url-loader-0.5.9.tgz",
      "integrity": "sha1-zI/qgse5Bud3cBklCGnlaemVwpU="
    },
    "webpack": {
      "version": "2.6.1",
      "resolved": "http://registry.npm.taobao.org/webpack/download/webpack-2.6.1.tgz",
      "integrity": "sha1-LgRX8KuxrF3zqxBsacZy8jZ4Xwc=",
      "dependencies": {
        "has-flag": {
          "version": "1.0.0",
          "resolved": "http://registry.npm.taobao.org/has-flag/download/has-flag-1.0.0.tgz",
          "integrity": "sha1-nZ55MWXOAXoA8AQYxD+UKnsdEfo="
        },
        "loader-utils": {
          "version": "0.2.17",
          "resolved": "http://registry.npm.taobao.org/loader-utils/download/loader-utils-0.2.17.tgz",
          "integrity": "sha1-+G5jdNQyBabmxg6RlvF8Apm/s0g="
        },
        "source-list-map": {
          "version": "1.1.2",
          "resolved": "http://registry.npm.taobao.org/source-list-map/download/source-list-map-1.1.2.tgz",
          "integrity": "sha1-mIkBnRAkzOVc3AaUmDN+9hhqEaE="
        },
        "supports-color": {
          "version": "3.2.3",
          "resolved": "http://registry.npm.taobao.org/supports-color/download/supports-color-3.2.3.tgz",
          "integrity": "sha1-ZawFBLOVQXHYpklGsq48u4pfVPY="
        },
        "uglify-js": {
          "version": "2.8.29",
          "resolved": "http://registry.npm.taobao.org/uglify-js/download/uglify-js-2.8.29.tgz",
          "integrity": "sha1-KcVzMUgFe7Th913zW3qcty5qWd0=",
          "dependencies": {
            "yargs": {
              "version": "3.10.0",
              "resolved": "http://registry.npm.taobao.org/yargs/download/yargs-3.10.0.tgz",
              "integrity": "sha1-9+572FfdfB0tOMDnTvvWgdFDH9E="
            }
          }
        },
        "webpack-sources": {
          "version": "0.2.3",
          "resolved": "http://registry.npm.taobao.org/webpack-sources/download/webpack-sources-0.2.3.tgz",
          "integrity": "sha1-F8Yr+vE8cH+dAsR54Nzd6DgGl/s="
        },
        "yargs": {
          "version": "6.6.0",
          "resolved": "http://registry.npm.taobao.org/yargs/download/yargs-6.6.0.tgz",
          "integrity": "sha1-eC7CHvQDNF+DCoCMo9UTr1YGUgg=",
          "dependencies": {
            "camelcase": {
              "version": "3.0.0",
              "resolved": "http://registry.npm.taobao.org/camelcase/download/camelcase-3.0.0.tgz",
              "integrity": "sha1-MvxLn82vhF/N9+c7uXysImHwqwo="
            },
            "cliui": {
              "version": "3.2.0",
              "resolved": "http://registry.npm.taobao.org/cliui/download/cliui-3.2.0.tgz",
              "integrity": "sha1-EgYBU3qRbSmUD5NNo7SNWFo5IT0="
            }
          }
        },
        "yargs-parser": {
          "version": "4.2.1",
          "resolved": "http://registry.npm.taobao.org/yargs-parser/download/yargs-parser-4.2.1.tgz",
          "integrity": "sha1-KczqwNxPA8bIe0qfIX3RjJ90hxw=",
          "dependencies": {
            "camelcase": {
              "version": "3.0.0",
              "resolved": "http://registry.npm.taobao.org/camelcase/download/camelcase-3.0.0.tgz",
              "integrity": "sha1-MvxLn82vhF/N9+c7uXysImHwqwo="
            }
          }
        }
      }
    },
    "webpack-dev-server": {
      "version": "2.5.0",
      "resolved": "http://registry.npm.taobao.org/webpack-dev-server/download/webpack-dev-server-2.5.0.tgz",
      "integrity": "sha1-TTanKLA7iyr6SO0wJCiEfOooQK0=",
      "dependencies": {
        "camelcase": {
          "version": "3.0.0",
          "resolved": "http://registry.npm.taobao.org/camelcase/download/camelcase-3.0.0.tgz",
          "integrity": "sha1-MvxLn82vhF/N9+c7uXysImHwqwo="
        },
        "cliui": {
          "version": "3.2.0",
          "resolved": "http://registry.npm.taobao.org/cliui/download/cliui-3.2.0.tgz",
          "integrity": "sha1-EgYBU3qRbSmUD5NNo7SNWFo5IT0="
        },
        "del": {
          "version": "3.0.0",
          "resolved": "http://registry.npm.taobao.org/del/download/del-3.0.0.tgz",
          "integrity": "sha1-U+z2mf/LyzljdpGrE7rxYIGXZuU="
        },
        "globby": {
          "version": "6.1.0",
          "resolved": "http://registry.npm.taobao.org/globby/download/globby-6.1.0.tgz",
          "integrity": "sha1-9abXDoOV4hyFj7BInWTfAkJNUGw=",
          "dependencies": {
            "pify": {
              "version": "2.3.0",
              "resolved": "http://registry.npm.taobao.org/pify/download/pify-2.3.0.tgz",
              "integrity": "sha1-7RQaasBDqEnqWISY59yosVMw6Qw="
            }
          }
        },
        "has-flag": {
          "version": "1.0.0",
          "resolved": "http://registry.npm.taobao.org/has-flag/download/has-flag-1.0.0.tgz",
          "integrity": "sha1-nZ55MWXOAXoA8AQYxD+UKnsdEfo="
        },
        "opn": {
          "version": "4.0.2",
          "resolved": "http://registry.npm.taobao.org/opn/download/opn-4.0.2.tgz",
          "integrity": "sha1-erwi5kTf9jsKltWrfyeQwPAavJU="
        },
        "pify": {
          "version": "3.0.0",
          "resolved": "http://registry.npm.taobao.org/pify/download/pify-3.0.0.tgz",
          "integrity": "sha1-5aSs0sEB/fPZpNB/DbxNtJ3SgXY="
        },
        "sockjs-client": {
          "version": "1.1.2",
          "resolved": "http://registry.npm.taobao.org/sockjs-client/download/sockjs-client-1.1.2.tgz",
          "integrity": "sha1-8CEqhVDkyUaMjM6u79LjSTwDOtU="
        },
        "supports-color": {
          "version": "3.2.3",
          "resolved": "http://registry.npm.taobao.org/supports-color/download/supports-color-3.2.3.tgz",
          "integrity": "sha1-ZawFBLOVQXHYpklGsq48u4pfVPY="
        },
        "yargs": {
          "version": "6.6.0",
          "resolved": "http://registry.npm.taobao.org/yargs/download/yargs-6.6.0.tgz",
          "integrity": "sha1-eC7CHvQDNF+DCoCMo9UTr1YGUgg="
        },
        "yargs-parser": {
          "version": "4.2.1",
          "resolved": "http://registry.npm.taobao.org/yargs-parser/download/yargs-parser-4.2.1.tgz",
          "integrity": "sha1-KczqwNxPA8bIe0qfIX3RjJ90hxw="
        }
      }
    },
    "webpack-manifest-plugin": {
      "version": "1.1.0",
      "resolved": "http://registry.npm.taobao.org/webpack-manifest-plugin/download/webpack-manifest-plugin-1.1.0.tgz",
      "integrity": "sha1-a2xxiq3oolN5lXhLRr0umDYFfKo=",
      "dependencies": {
        "fs-extra": {
          "version": "0.30.0",
          "resolved": "http://registry.npm.taobao.org/fs-extra/download/fs-extra-0.30.0.tgz",
          "integrity": "sha1-8jP/zAjU2n1DLapEl3aYnbHfk/A="
        },
        "jsonfile": {
          "version": "2.4.0",
          "resolved": "http://registry.npm.taobao.org/jsonfile/download/jsonfile-2.4.0.tgz",
          "integrity": "sha1-NzaitCi4e72gzIO1P6PWM6NcKug="
        }
      }
    },
    "whatwg-fetch": {
      "version": "2.0.3",
      "resolved": "http://registry.npm.taobao.org/whatwg-fetch/download/whatwg-fetch-2.0.3.tgz",
      "integrity": "sha1-nITsLc9oGH/wC8ZOEnS0QhduHIQ="
    },
    "xss-filters": {
      "version": "1.2.7",
      "resolved": "https://registry.npmjs.org/xss-filters/-/xss-filters-1.2.7.tgz",
      "integrity": "sha1-Wfod4gHzby80cNysX1jMwoMLCpo="
    }
  }
}
